
Microsoft Visual Studio Solution File, Format Version 12.00
# Visual Studio Version 16
VisualStudioVersion = 16.0.30611.23
MinimumVisualStudioVersion = 10.0.40219.1
Project("{FAE04EC0-301F-11D3-BF4B-00C04F79EFBC}") = "MidTerm", "MidTerm\MidTerm.csproj", "{29EFEF2A-9168-42DD-8BAB-81C617970865}"
EndProject
Global
	GlobalSection(SolutionConfigurationPlatforms) = preSolution
		Debug|Any CPU = Debug|Any CPU
		Release|Any CPU = Release|Any CPU
	EndGlobalSection
	GlobalSection(ProjectConfigurationPlatforms) = postSolution
		{29EFEF2A-9168-42DD-8BAB-81C617970865}.Debug|Any CPU.ActiveCfg = Debug|Any CPU
		{29EFEF2A-9168-42DD-8BAB-81C617970865}.Debug|Any CPU.Build.0 = Debug|Any CPU
		{29EFEF2A-9168-42DD-8BAB-81C617970865}.Release|Any CPU.ActiveCfg = Release|Any CPU
		{29EFEF2A-9168-42DD-8BAB-81C617970865}.Release|Any CPU.Build.0 = Release|Any CPU
	EndGlobalSection
	GlobalSection(SolutionProperties) = preSolution
		HideSolutionNode = FALSE
	EndGlobalSection
	GlobalSection(ExtensibilityGlobals) = postSolution
		SolutionGuid = {64FF5BA2-E0D7-4A5A-8810-B40D471B9DF7}
	EndGlobalSection
EndGlobal
