
Microsoft Visual Studio Solution File, Format Version 12.00
# Visual Studio Version 16
VisualStudioVersion = 16.0.30611.23
MinimumVisualStudioVersion = 10.0.40219.1
Project("{FAE04EC0-301F-11D3-BF4B-00C04F79EFBC}") = "WindowsFormsApp1", "WindowsFormsApp1\WindowsFormsApp1.csproj", "{5CE96B2D-EFB9-46B6-AA5B-A6EB71AB19C8}"
EndProject
Global
	GlobalSection(SolutionConfigurationPlatforms) = preSolution
		Debug|Any CPU = Debug|Any CPU
		Release|Any CPU = Release|Any CPU
	EndGlobalSection
	GlobalSection(ProjectConfigurationPlatforms) = postSolution
		{5CE96B2D-EFB9-46B6-AA5B-A6EB71AB19C8}.Debug|Any CPU.ActiveCfg = Debug|Any CPU
		{5CE96B2D-EFB9-46B6-AA5B-A6EB71AB19C8}.Debug|Any CPU.Build.0 = Debug|Any CPU
		{5CE96B2D-EFB9-46B6-AA5B-A6EB71AB19C8}.Release|Any CPU.ActiveCfg = Release|Any CPU
		{5CE96B2D-EFB9-46B6-AA5B-A6EB71AB19C8}.Release|Any CPU.Build.0 = Release|Any CPU
	EndGlobalSection
	GlobalSection(SolutionProperties) = preSolution
		HideSolutionNode = FALSE
	EndGlobalSection
	GlobalSection(ExtensibilityGlobals) = postSolution
		SolutionGuid = {A542B081-C982-4D97-A683-DC3664404408}
	EndGlobalSection
EndGlobal
